
Microsoft Visual Studio Solution File, Format Version 12.00
# Visual Studio Version 17
VisualStudioVersion = 17.13.35913.81 d17.13
MinimumVisualStudioVersion = 10.0.40219.1
Project("{54A90642-561A-4BB1-A94E-469ADEE60C69}") = "genesandgenealogy.client", "genesandgenealogy.client\genesandgenealogy.client.esproj", "{5D86E3CB-77BB-45C7-866D-4575ABDEA13B}"
EndProject
Project("{FAE04EC0-301F-11D3-BF4B-00C04F79EFBC}") = "GenesAndGenealogy.Server", "GenesAndGenealogy.Server\GenesAndGenealogy.Server.csproj", "{C9364437-3A7A-4C0F-826F-3312BE62372B}"
EndProject
Global
	GlobalSection(SolutionConfigurationPlatforms) = preSolution
		Debug|Any CPU = Debug|Any CPU
		Release|Any CPU = Release|Any CPU
	EndGlobalSection
	GlobalSection(ProjectConfigurationPlatforms) = postSolution
		{5D86E3CB-77BB-45C7-866D-4575ABDEA13B}.Debug|Any CPU.ActiveCfg = Debug|Any CPU
		{5D86E3CB-77BB-45C7-866D-4575ABDEA13B}.Debug|Any CPU.Build.0 = Debug|Any CPU
		{5D86E3CB-77BB-45C7-866D-4575ABDEA13B}.Debug|Any CPU.Deploy.0 = Debug|Any CPU
		{5D86E3CB-77BB-45C7-866D-4575ABDEA13B}.Release|Any CPU.ActiveCfg = Release|Any CPU
		{5D86E3CB-77BB-45C7-866D-4575ABDEA13B}.Release|Any CPU.Build.0 = Release|Any CPU
		{5D86E3CB-77BB-45C7-866D-4575ABDEA13B}.Release|Any CPU.Deploy.0 = Release|Any CPU
		{C9364437-3A7A-4C0F-826F-3312BE62372B}.Debug|Any CPU.ActiveCfg = Debug|Any CPU
		{C9364437-3A7A-4C0F-826F-3312BE62372B}.Debug|Any CPU.Build.0 = Debug|Any CPU
		{C9364437-3A7A-4C0F-826F-3312BE62372B}.Release|Any CPU.ActiveCfg = Release|Any CPU
		{C9364437-3A7A-4C0F-826F-3312BE62372B}.Release|Any CPU.Build.0 = Release|Any CPU
	EndGlobalSection
	GlobalSection(SolutionProperties) = preSolution
		HideSolutionNode = FALSE
	EndGlobalSection
	GlobalSection(ExtensibilityGlobals) = postSolution
		SolutionGuid = {84F7F49F-7636-4877-BC5D-23B7758A91B5}
	EndGlobalSection
EndGlobal
